
Microsoft Visual Studio Solution File, Format Version 12.00
# Visual Studio Version 17
VisualStudioVersion = 17.7.34221.43
MinimumVisualStudioVersion = 10.0.40219.1
Project("{FAE04EC0-301F-11D3-BF4B-00C04F79EFBC}") = "TugasMod8", "TugasMod8\TugasMod8.csproj", "{FD3076A7-4FEB-47BF-9BC2-ECDEDD4BF34C}"
EndProject
Global
	GlobalSection(SolutionConfigurationPlatforms) = preSolution
		Debug|Any CPU = Debug|Any CPU
		Release|Any CPU = Release|Any CPU
	EndGlobalSection
	GlobalSection(ProjectConfigurationPlatforms) = postSolution
		{FD3076A7-4FEB-47BF-9BC2-ECDEDD4BF34C}.Debug|Any CPU.ActiveCfg = Debug|Any CPU
		{FD3076A7-4FEB-47BF-9BC2-ECDEDD4BF34C}.Debug|Any CPU.Build.0 = Debug|Any CPU
		{FD3076A7-4FEB-47BF-9BC2-ECDEDD4BF34C}.Release|Any CPU.ActiveCfg = Release|Any CPU
		{FD3076A7-4FEB-47BF-9BC2-ECDEDD4BF34C}.Release|Any CPU.Build.0 = Release|Any CPU
	EndGlobalSection
	GlobalSection(SolutionProperties) = preSolution
		HideSolutionNode = FALSE
	EndGlobalSection
	GlobalSection(ExtensibilityGlobals) = postSolution
		SolutionGuid = {C3E7FE1E-650B-45AF-99A4-1579D06ACDAA}
	EndGlobalSection
EndGlobal
